
Microsoft Visual Studio Solution File, Format Version 12.00
# Visual Studio Version 17
VisualStudioVersion = 17.6.33723.286
MinimumVisualStudioVersion = 10.0.40219.1
Project("{9A19103F-16F7-4668-BE54-9A1E7A4F7556}") = "BlazorEcommerce.Server", "BlazorEcommerce\Server\BlazorEcommerce.Server.csproj", "{E207433E-DDB6-400A-AA1B-3FFDA699ADBA}"
EndProject
Project("{9A19103F-16F7-4668-BE54-9A1E7A4F7556}") = "BlazorEcommerce.Client", "BlazorEcommerce\Client\BlazorEcommerce.Client.csproj", "{2434A836-95B7-4BE3-8372-314C9A0209D3}"
EndProject
Project("{9A19103F-16F7-4668-BE54-9A1E7A4F7556}") = "BlazorEcommerce.Shared", "BlazorEcommerce\Shared\BlazorEcommerce.Shared.csproj", "{D9776962-7491-4878-A8F9-1EAF1164E86F}"
EndProject
Global
	GlobalSection(SolutionConfigurationPlatforms) = preSolution
		Debug|Any CPU = Debug|Any CPU
		Release|Any CPU = Release|Any CPU
	EndGlobalSection
	GlobalSection(ProjectConfigurationPlatforms) = postSolution
		{E207433E-DDB6-400A-AA1B-3FFDA699ADBA}.Debug|Any CPU.ActiveCfg = Debug|Any CPU
		{E207433E-DDB6-400A-AA1B-3FFDA699ADBA}.Debug|Any CPU.Build.0 = Debug|Any CPU
		{E207433E-DDB6-400A-AA1B-3FFDA699ADBA}.Release|Any CPU.ActiveCfg = Release|Any CPU
		{E207433E-DDB6-400A-AA1B-3FFDA699ADBA}.Release|Any CPU.Build.0 = Release|Any CPU
		{2434A836-95B7-4BE3-8372-314C9A0209D3}.Debug|Any CPU.ActiveCfg = Debug|Any CPU
		{2434A836-95B7-4BE3-8372-314C9A0209D3}.Debug|Any CPU.Build.0 = Debug|Any CPU
		{2434A836-95B7-4BE3-8372-314C9A0209D3}.Release|Any CPU.ActiveCfg = Release|Any CPU
		{2434A836-95B7-4BE3-8372-314C9A0209D3}.Release|Any CPU.Build.0 = Release|Any CPU
		{D9776962-7491-4878-A8F9-1EAF1164E86F}.Debug|Any CPU.ActiveCfg = Debug|Any CPU
		{D9776962-7491-4878-A8F9-1EAF1164E86F}.Debug|Any CPU.Build.0 = Debug|Any CPU
		{D9776962-7491-4878-A8F9-1EAF1164E86F}.Release|Any CPU.ActiveCfg = Release|Any CPU
		{D9776962-7491-4878-A8F9-1EAF1164E86F}.Release|Any CPU.Build.0 = Release|Any CPU
	EndGlobalSection
	GlobalSection(SolutionProperties) = preSolution
		HideSolutionNode = FALSE
	EndGlobalSection
	GlobalSection(ExtensibilityGlobals) = postSolution
		SolutionGuid = {BF5A61B1-B0F6-4AE4-A094-7957FA620269}
	EndGlobalSection
EndGlobal
